{
  "requires": true,
  "lockfileVersion": 1,
  "dependencies": {
    "mithril": {
      "version": "2.0.4",
      "resolved": "https://registry.npmjs.org/mithril/-/mithril-2.0.4.tgz",
      "integrity": "sha512-mgw+DMZlhMS4PpprF6dl7ZoeZq5GGcAuWnrg5e12MvaGauc4jzWsDZtVGRCktsiQczOEUr2K5teKbE5k44RlOg=="
    },
    "tagl": {
      "version": "1.1.2",
      "resolved": "https://registry.npmjs.org/tagl/-/tagl-1.1.2.tgz",
      "integrity": "sha512-Yci/R5hIOFVpBeXf6fOuxQSwtt+fgyl8bzi+ze2gvGmeFMxSJAARLG3d+2G2UIQOqkXvrA22UbGkNmFxBmOd9g=="
    },
    "tagl-mithril": {
      "version": "1.2.2",
      "resolved": "https://registry.npmjs.org/tagl-mithril/-/tagl-mithril-1.2.2.tgz",
      "integrity": "sha512-LcQFwbsQR4A/vfN1knz3eq1GylUib8Qu/YN2oejSGI7hwiZiiNolUpoZW7bGlG6rvSD13cjTZrThSfCUCWeG9A==",
      "requires": {
        "mithril": "^2.0.4",
        "tagl": "^1.1.2"
      }
    }
  }
}
